
Microsoft Visual Studio Solution File, Format Version 12.00
# Visual Studio 15
VisualStudioVersion = 15.0.28307.1259
MinimumVisualStudioVersion = 10.0.40219.1
Project("{FAE04EC0-301F-11D3-BF4B-00C04F79EFBC}") = "Solenoid_Ctrl_Apr", "Solenoid_Ctrl_Apr.csproj", "{FBB3D9F9-F48B-4222-AD1D-7DC0D87CC517}"
EndProject
Global
	GlobalSection(SolutionConfigurationPlatforms) = preSolution
		Debug|Any CPU = Debug|Any CPU
		Release|Any CPU = Release|Any CPU
	EndGlobalSection
	GlobalSection(ProjectConfigurationPlatforms) = postSolution
		{FBB3D9F9-F48B-4222-AD1D-7DC0D87CC517}.Debug|Any CPU.ActiveCfg = Debug|Any CPU
		{FBB3D9F9-F48B-4222-AD1D-7DC0D87CC517}.Debug|Any CPU.Build.0 = Debug|Any CPU
		{FBB3D9F9-F48B-4222-AD1D-7DC0D87CC517}.Release|Any CPU.ActiveCfg = Release|Any CPU
		{FBB3D9F9-F48B-4222-AD1D-7DC0D87CC517}.Release|Any CPU.Build.0 = Release|Any CPU
	EndGlobalSection
	GlobalSection(SolutionProperties) = preSolution
		HideSolutionNode = FALSE
	EndGlobalSection
	GlobalSection(ExtensibilityGlobals) = postSolution
		SolutionGuid = {BAFC8EB3-8F64-4F7C-B4F7-114C88FC6D55}
	EndGlobalSection
EndGlobal
